
Microsoft Visual Studio Solution File, Format Version 12.00
# Visual Studio Version 16
VisualStudioVersion = 16.0.32228.343
MinimumVisualStudioVersion = 10.0.40219.1
Project("{FAE04EC0-301F-11D3-BF4B-00C04F79EFBC}") = "BD_Proyecto", "BD_Proyecto.csproj", "{CDFE77EC-F074-49BB-B517-789B1CDCBB4C}"
EndProject
Global
	GlobalSection(SolutionConfigurationPlatforms) = preSolution
		Debug|Any CPU = Debug|Any CPU
		Release|Any CPU = Release|Any CPU
	EndGlobalSection
	GlobalSection(ProjectConfigurationPlatforms) = postSolution
		{CDFE77EC-F074-49BB-B517-789B1CDCBB4C}.Debug|Any CPU.ActiveCfg = Debug|Any CPU
		{CDFE77EC-F074-49BB-B517-789B1CDCBB4C}.Debug|Any CPU.Build.0 = Debug|Any CPU
		{CDFE77EC-F074-49BB-B517-789B1CDCBB4C}.Release|Any CPU.ActiveCfg = Release|Any CPU
		{CDFE77EC-F074-49BB-B517-789B1CDCBB4C}.Release|Any CPU.Build.0 = Release|Any CPU
	EndGlobalSection
	GlobalSection(SolutionProperties) = preSolution
		HideSolutionNode = FALSE
	EndGlobalSection
	GlobalSection(ExtensibilityGlobals) = postSolution
		SolutionGuid = {09E9DE1C-C08B-43D5-9E2E-4C54D3D2F929}
	EndGlobalSection
EndGlobal
